
Microsoft Visual Studio Solution File, Format Version 12.00
# Visual Studio Version 17
VisualStudioVersion = 17.2.32505.173
MinimumVisualStudioVersion = 10.0.40219.1
Project("{FAE04EC0-301F-11D3-BF4B-00C04F79EFBC}") = "GraWStatkiKlient", "GraWStatkiKlient\GraWStatkiKlient.csproj", "{FDA0DDDC-2280-493F-8A30-0CA034AED0B1}"
EndProject
Global
	GlobalSection(SolutionConfigurationPlatforms) = preSolution
		Debug|Any CPU = Debug|Any CPU
		Release|Any CPU = Release|Any CPU
	EndGlobalSection
	GlobalSection(ProjectConfigurationPlatforms) = postSolution
		{FDA0DDDC-2280-493F-8A30-0CA034AED0B1}.Debug|Any CPU.ActiveCfg = Debug|Any CPU
		{FDA0DDDC-2280-493F-8A30-0CA034AED0B1}.Debug|Any CPU.Build.0 = Debug|Any CPU
		{FDA0DDDC-2280-493F-8A30-0CA034AED0B1}.Release|Any CPU.ActiveCfg = Release|Any CPU
		{FDA0DDDC-2280-493F-8A30-0CA034AED0B1}.Release|Any CPU.Build.0 = Release|Any CPU
	EndGlobalSection
	GlobalSection(SolutionProperties) = preSolution
		HideSolutionNode = FALSE
	EndGlobalSection
	GlobalSection(ExtensibilityGlobals) = postSolution
		SolutionGuid = {663231E3-44E5-4AC6-8902-BAF8801EE39F}
	EndGlobalSection
EndGlobal
